
Microsoft Visual Studio Solution File, Format Version 12.00
# Visual Studio Version 16
VisualStudioVersion = 16.0.30204.135
MinimumVisualStudioVersion = 10.0.40219.1
Project("{2150E333-8FDC-42A3-9474-1A3956D46DE8}") = "src", "src", "{F4E641B1-2777-459E-A75B-176EC56DA55C}"
EndProject
Project("{2150E333-8FDC-42A3-9474-1A3956D46DE8}") = "tests", "tests", "{95EDC4AD-16AD-4345-A8E1-E53BAA4849CA}"
EndProject
Project("{9A19103F-16F7-4668-BE54-9A1E7A4F7556}") = "WebApp", "src\WebApp\WebApp.csproj", "{CA14F9A9-F31D-4EC0-AAB9-35888370086E}"
EndProject
Project("{FAE04EC0-301F-11D3-BF4B-00C04F79EFBC}") = "WebApp.UnitTests", "tests\WebApp.UnitTests\WebApp.UnitTests.csproj", "{5211E571-F8CD-4439-A488-1B2D1A2A2917}"
EndProject
Global
	GlobalSection(SolutionConfigurationPlatforms) = preSolution
		Debug|Any CPU = Debug|Any CPU
		Release|Any CPU = Release|Any CPU
	EndGlobalSection
	GlobalSection(ProjectConfigurationPlatforms) = postSolution
		{CA14F9A9-F31D-4EC0-AAB9-35888370086E}.Debug|Any CPU.ActiveCfg = Debug|Any CPU
		{CA14F9A9-F31D-4EC0-AAB9-35888370086E}.Debug|Any CPU.Build.0 = Debug|Any CPU
		{CA14F9A9-F31D-4EC0-AAB9-35888370086E}.Release|Any CPU.ActiveCfg = Release|Any CPU
		{CA14F9A9-F31D-4EC0-AAB9-35888370086E}.Release|Any CPU.Build.0 = Release|Any CPU
		{5211E571-F8CD-4439-A488-1B2D1A2A2917}.Debug|Any CPU.ActiveCfg = Debug|Any CPU
		{5211E571-F8CD-4439-A488-1B2D1A2A2917}.Debug|Any CPU.Build.0 = Debug|Any CPU
		{5211E571-F8CD-4439-A488-1B2D1A2A2917}.Release|Any CPU.ActiveCfg = Release|Any CPU
		{5211E571-F8CD-4439-A488-1B2D1A2A2917}.Release|Any CPU.Build.0 = Release|Any CPU
	EndGlobalSection
	GlobalSection(SolutionProperties) = preSolution
		HideSolutionNode = FALSE
	EndGlobalSection
	GlobalSection(NestedProjects) = preSolution
		{CA14F9A9-F31D-4EC0-AAB9-35888370086E} = {F4E641B1-2777-459E-A75B-176EC56DA55C}
		{5211E571-F8CD-4439-A488-1B2D1A2A2917} = {95EDC4AD-16AD-4345-A8E1-E53BAA4849CA}
	EndGlobalSection
	GlobalSection(ExtensibilityGlobals) = postSolution
		SolutionGuid = {4218630D-33F4-40BE-9B35-EF293EDAD114}
	EndGlobalSection
EndGlobal
